
Microsoft Visual Studio Solution File, Format Version 12.00
# Visual Studio Version 17
VisualStudioVersion = 17.2.32630.192
MinimumVisualStudioVersion = 10.0.40219.1
Project("{FAE04EC0-301F-11D3-BF4B-00C04F79EFBC}") = "TaskManager", "TaskManager\TaskManager.csproj", "{11349416-EDC6-4468-96C5-63314096A5A2}"
EndProject
Global
	GlobalSection(SolutionConfigurationPlatforms) = preSolution
		Debug|Any CPU = Debug|Any CPU
		Release|Any CPU = Release|Any CPU
	EndGlobalSection
	GlobalSection(ProjectConfigurationPlatforms) = postSolution
		{11349416-EDC6-4468-96C5-63314096A5A2}.Debug|Any CPU.ActiveCfg = Debug|Any CPU
		{11349416-EDC6-4468-96C5-63314096A5A2}.Debug|Any CPU.Build.0 = Debug|Any CPU
		{11349416-EDC6-4468-96C5-63314096A5A2}.Release|Any CPU.ActiveCfg = Release|Any CPU
		{11349416-EDC6-4468-96C5-63314096A5A2}.Release|Any CPU.Build.0 = Release|Any CPU
	EndGlobalSection
	GlobalSection(SolutionProperties) = preSolution
		HideSolutionNode = FALSE
	EndGlobalSection
	GlobalSection(ExtensibilityGlobals) = postSolution
		SolutionGuid = {FF60B495-8684-4153-9812-54FF86BA2D67}
	EndGlobalSection
EndGlobal
